{
  "version": 4,
  "terraform_version": "1.15.1",
  "serial": 140,
  "lineage": "18a6d08c-a0d8-6b66-e83a-5110dff7c242",
  "outputs": {
    "appserver_1_public_ip": {
      "value": "108.137.128.226",
      "type": "string"
    },
    "appserver_2_public_ip": {
      "value": "108.137.104.154",
      "type": "string"
    },
    "appserver_3_public_ip": {
      "value": "15.232.78.179",
      "type": "string"
    },
    "gateway_public_ip": {
      "value": "16.79.152.201",
      "type": "string"
    }
  },
  "resources": [
    {
      "mode": "data",
      "type": "aws_ami",
      "name": "ubuntu",
      "provider": "provider[\"registry.terraform.io/hashicorp/aws\"]",
      "instances": [
        {
          "schema_version": 0,
          "attributes": {
            "architecture": "x86_64",
            "arn": "arn:aws:ec2:ap-southeast-3::image/ami-009ce70b0b4d8bc9c",
            "block_device_mappings": [
              {
                "device_name": "/dev/sda1",
                "ebs": {
                  "delete_on_termination": "true",
                  "encrypted": "false",
                  "iops": "0",
                  "snapshot_id": "snap-081067a268c9f272e",
                  "throughput": "0",
                  "volume_initialization_rate": "0",
                  "volume_size": "8",
                  "volume_type": "gp2"
                },
                "no_device": "",
                "virtual_name": ""
              },
              {
                "device_name": "/dev/sdb",
                "ebs": {},
                "no_device": "",
                "virtual_name": "ephemeral0"
              },
              {
                "device_name": "/dev/sdc",
                "ebs": {},
                "no_device": "",
                "virtual_name": "ephemeral1"
              }
            ],
            "boot_mode": "uefi-preferred",
            "creation_date": "2026-05-03T06:54:14.000Z",
            "deprecation_time": "2028-05-03T06:54:14.000Z",
            "description": "Canonical, Ubuntu, 22.04, amd64 jammy image",
            "ena_support": true,
            "executable_users": null,
            "filter": [
              {
                "name": "name",
                "values": [
                  "ubuntu/images/hvm-ssd/ubuntu-jammy-22.04-amd64-server-*"
                ]
              },
              {
                "name": "virtualization-type",
                "values": [
                  "hvm"
                ]
              }
            ],
            "hypervisor": "xen",
            "id": "ami-009ce70b0b4d8bc9c",
            "image_id": "ami-009ce70b0b4d8bc9c",
            "image_location": "amazon/ubuntu/images/hvm-ssd/ubuntu-jammy-22.04-amd64-server-20260503",
            "image_owner_alias": "amazon",
            "image_type": "machine",
            "imds_support": "",
            "include_deprecated": false,
            "kernel_id": "",
            "last_launched_time": "",
            "most_recent": true,
            "name": "ubuntu/images/hvm-ssd/ubuntu-jammy-22.04-amd64-server-20260503",
            "name_regex": null,
            "owner_id": "099720109477",
            "owners": [
              "099720109477"
            ],
            "platform": "",
            "platform_details": "Linux/UNIX",
            "product_codes": [],
            "public": true,
            "ramdisk_id": "",
            "root_device_name": "/dev/sda1",
            "root_device_type": "ebs",
            "root_snapshot_id": "snap-081067a268c9f272e",
            "sriov_net_support": "simple",
            "state": "available",
            "state_reason": {
              "code": "UNSET",
              "message": "UNSET"
            },
            "tags": {},
            "timeouts": null,
            "tpm_support": "",
            "uefi_data": null,
            "usage_operation": "RunInstances",
            "virtualization_type": "hvm"
          },
          "sensitive_attributes": [],
          "identity_schema_version": 0
        }
      ]
    },
    {
      "mode": "managed",
      "type": "aws_eip",
      "name": "appserver_1_eip",
      "provider": "provider[\"registry.terraform.io/hashicorp/aws\"]",
      "instances": [
        {
          "schema_version": 0,
          "attributes": {
            "address": null,
            "allocation_id": "eipalloc-09b5e58a969730a8f",
            "arn": "arn:aws:ec2:ap-southeast-3:423537160390:elastic-ip/eipalloc-09b5e58a969730a8f",
            "associate_with_private_ip": null,
            "association_id": "eipassoc-01d754509a2c126db",
            "carrier_ip": "",
            "customer_owned_ip": "",
            "customer_owned_ipv4_pool": "",
            "domain": "vpc",
            "id": "eipalloc-09b5e58a969730a8f",
            "instance": "i-0e5861b1efa44ca56",
            "ipam_pool_id": null,
            "network_border_group": "ap-southeast-3",
            "network_interface": "eni-03a168d90ad7f3cd2",
            "private_dns": "ip-172-31-20-149.ap-southeast-3.compute.internal",
            "private_ip": "172.31.20.149",
            "ptr_record": "",
            "public_dns": "ec2-108-137-128-226.ap-southeast-3.compute.amazonaws.com",
            "public_ip": "108.137.128.226",
            "public_ipv4_pool": "amazon",
            "tags": {},
            "tags_all": {},
            "timeouts": null,
            "vpc": true
          },
          "sensitive_attributes": [],
          "identity_schema_version": 0,
          "private": "eyJlMmJmYjczMC1lY2FhLTExZTYtOGY4OC0zNDM2M2JjN2M0YzAiOnsiZGVsZXRlIjoxODAwMDAwMDAwMDAsInJlYWQiOjkwMDAwMDAwMDAwMCwidXBkYXRlIjozMDAwMDAwMDAwMDB9fQ==",
          "dependencies": [
            "aws_instance.appserver_1",
            "aws_key_pair.final_task_key",
            "aws_security_group.final_task_sg",
            "data.aws_ami.ubuntu"
          ]
        }
      ]
    },
    {
      "mode": "managed",
      "type": "aws_eip",
      "name": "appserver_2_eip",
      "provider": "provider[\"registry.terraform.io/hashicorp/aws\"]",
      "instances": [
        {
          "schema_version": 0,
          "attributes": {
            "address": null,
            "allocation_id": "eipalloc-0a141ba4c28defc06",
            "arn": "arn:aws:ec2:ap-southeast-3:423537160390:elastic-ip/eipalloc-0a141ba4c28defc06",
            "associate_with_private_ip": null,
            "association_id": "eipassoc-0208f47732cd581d4",
            "carrier_ip": "",
            "customer_owned_ip": "",
            "customer_owned_ipv4_pool": "",
            "domain": "vpc",
            "id": "eipalloc-0a141ba4c28defc06",
            "instance": "i-04f15c4dd92f6814e",
            "ipam_pool_id": null,
            "network_border_group": "ap-southeast-3",
            "network_interface": "eni-04c83e4963d8a3e31",
            "private_dns": "ip-172-31-8-132.ap-southeast-3.compute.internal",
            "private_ip": "172.31.8.132",
            "ptr_record": "",
            "public_dns": "ec2-108-137-104-154.ap-southeast-3.compute.amazonaws.com",
            "public_ip": "108.137.104.154",
            "public_ipv4_pool": "amazon",
            "tags": {},
            "tags_all": {},
            "timeouts": null,
            "vpc": true
          },
          "sensitive_attributes": [],
          "identity_schema_version": 0,
          "private": "eyJlMmJmYjczMC1lY2FhLTExZTYtOGY4OC0zNDM2M2JjN2M0YzAiOnsiZGVsZXRlIjoxODAwMDAwMDAwMDAsInJlYWQiOjkwMDAwMDAwMDAwMCwidXBkYXRlIjozMDAwMDAwMDAwMDB9fQ==",
          "dependencies": [
            "aws_instance.appserver_2",
            "aws_key_pair.final_task_key",
            "aws_security_group.final_task_sg",
            "data.aws_ami.ubuntu"
          ]
        }
      ]
    },
    {
      "mode": "managed",
      "type": "aws_eip",
      "name": "appserver_3_eip",
      "provider": "provider[\"registry.terraform.io/hashicorp/aws\"]",
      "instances": [
        {
          "schema_version": 0,
          "attributes": {
            "address": null,
            "allocation_id": "eipalloc-080945760f2f55159",
            "arn": "arn:aws:ec2:ap-southeast-3:423537160390:elastic-ip/eipalloc-080945760f2f55159",
            "associate_with_private_ip": null,
            "association_id": "eipassoc-06357d1be7cf0ae75",
            "carrier_ip": "",
            "customer_owned_ip": "",
            "customer_owned_ipv4_pool": "",
            "domain": "vpc",
            "id": "eipalloc-080945760f2f55159",
            "instance": "i-0eeac10cd22b8a924",
            "ipam_pool_id": null,
            "network_border_group": "ap-southeast-3",
            "network_interface": "eni-02b5dbaef41df0771",
            "private_dns": "ip-172-31-3-136.ap-southeast-3.compute.internal",
            "private_ip": "172.31.3.136",
            "ptr_record": "",
            "public_dns": "ec2-15-232-78-179.ap-southeast-3.compute.amazonaws.com",
            "public_ip": "15.232.78.179",
            "public_ipv4_pool": "amazon",
            "tags": {},
            "tags_all": {},
            "timeouts": null,
            "vpc": true
          },
          "sensitive_attributes": [],
          "identity_schema_version": 0,
          "private": "eyJlMmJmYjczMC1lY2FhLTExZTYtOGY4OC0zNDM2M2JjN2M0YzAiOnsiZGVsZXRlIjoxODAwMDAwMDAwMDAsInJlYWQiOjkwMDAwMDAwMDAwMCwidXBkYXRlIjozMDAwMDAwMDAwMDB9fQ==",
          "dependencies": [
            "aws_instance.appserver_3",
            "aws_key_pair.final_task_key",
            "aws_security_group.final_task_sg",
            "data.aws_ami.ubuntu"
          ]
        }
      ]
    },
    {
      "mode": "managed",
      "type": "aws_eip",
      "name": "gateway_eip",
      "provider": "provider[\"registry.terraform.io/hashicorp/aws\"]",
      "instances": [
        {
          "schema_version": 0,
          "attributes": {
            "address": null,
            "allocation_id": "eipalloc-0f594c0528eee1d1c",
            "arn": "arn:aws:ec2:ap-southeast-3:423537160390:elastic-ip/eipalloc-0f594c0528eee1d1c",
            "associate_with_private_ip": null,
            "association_id": "eipassoc-071377105149234cf",
            "carrier_ip": "",
            "customer_owned_ip": "",
            "customer_owned_ipv4_pool": "",
            "domain": "vpc",
            "id": "eipalloc-0f594c0528eee1d1c",
            "instance": "i-095b6c1855c55483b",
            "ipam_pool_id": null,
            "network_border_group": "ap-southeast-3",
            "network_interface": "eni-025a07e69d6c3f6b0",
            "private_dns": "ip-172-31-18-139.ap-southeast-3.compute.internal",
            "private_ip": "172.31.18.139",
            "ptr_record": "",
            "public_dns": "ec2-16-79-152-201.ap-southeast-3.compute.amazonaws.com",
            "public_ip": "16.79.152.201",
            "public_ipv4_pool": "amazon",
            "tags": {},
            "tags_all": {},
            "timeouts": null,
            "vpc": true
          },
          "sensitive_attributes": [],
          "identity_schema_version": 0,
          "private": "eyJlMmJmYjczMC1lY2FhLTExZTYtOGY4OC0zNDM2M2JjN2M0YzAiOnsiZGVsZXRlIjoxODAwMDAwMDAwMDAsInJlYWQiOjkwMDAwMDAwMDAwMCwidXBkYXRlIjozMDAwMDAwMDAwMDB9fQ==",
          "dependencies": [
            "aws_instance.gateway",
            "aws_key_pair.final_task_key",
            "aws_security_group.final_task_sg",
            "data.aws_ami.ubuntu"
          ]
        }
      ]
    },
    {
      "mode": "managed",
      "type": "aws_instance",
      "name": "appserver_1",
      "provider": "provider[\"registry.terraform.io/hashicorp/aws\"]",
      "instances": [
        {
          "schema_version": 1,
          "attributes": {
            "ami": "ami-009ce70b0b4d8bc9c",
            "arn": "arn:aws:ec2:ap-southeast-3:423537160390:instance/i-0e5861b1efa44ca56",
            "associate_public_ip_address": true,
            "availability_zone": "ap-southeast-3c",
            "capacity_reservation_specification": [
              {
                "capacity_reservation_preference": "open",
                "capacity_reservation_target": []
              }
            ],
            "cpu_core_count": 1,
            "cpu_options": [
              {
                "amd_sev_snp": "",
                "core_count": 1,
                "threads_per_core": 2
              }
            ],
            "cpu_threads_per_core": 2,
            "credit_specification": [
              {
                "cpu_credits": "unlimited"
              }
            ],
            "disable_api_stop": false,
            "disable_api_termination": false,
            "ebs_block_device": [],
            "ebs_optimized": false,
            "enable_primary_ipv6": null,
            "enclave_options": [
              {
                "enabled": false
              }
            ],
            "ephemeral_block_device": [],
            "get_password_data": false,
            "hibernation": false,
            "host_id": "",
            "host_resource_group_arn": null,
            "iam_instance_profile": "",
            "id": "i-0e5861b1efa44ca56",
            "instance_initiated_shutdown_behavior": "stop",
            "instance_lifecycle": "",
            "instance_market_options": [],
            "instance_state": "running",
            "instance_type": "t3.small",
            "ipv6_address_count": 0,
            "ipv6_addresses": [],
            "key_name": "final_task_key",
            "launch_template": [],
            "maintenance_options": [
              {
                "auto_recovery": "default"
              }
            ],
            "metadata_options": [
              {
                "http_endpoint": "enabled",
                "http_protocol_ipv6": "disabled",
                "http_put_response_hop_limit": 1,
                "http_tokens": "optional",
                "instance_metadata_tags": "disabled"
              }
            ],
            "monitoring": false,
            "network_interface": [],
            "outpost_arn": "",
            "password_data": "",
            "placement_group": "",
            "placement_partition_number": 0,
            "primary_network_interface_id": "eni-03a168d90ad7f3cd2",
            "private_dns": "ip-172-31-20-149.ap-southeast-3.compute.internal",
            "private_dns_name_options": [
              {
                "enable_resource_name_dns_a_record": false,
                "enable_resource_name_dns_aaaa_record": false,
                "hostname_type": "ip-name"
              }
            ],
            "private_ip": "172.31.20.149",
            "public_dns": "ec2-108-137-128-226.ap-southeast-3.compute.amazonaws.com",
            "public_ip": "108.137.128.226",
            "root_block_device": [
              {
                "delete_on_termination": true,
                "device_name": "/dev/sda1",
                "encrypted": false,
                "iops": 3000,
                "kms_key_id": "",
                "tags": {},
                "tags_all": {},
                "throughput": 125,
                "volume_id": "vol-0cd3df8658af59ed3",
                "volume_size": 15,
                "volume_type": "gp3"
              }
            ],
            "secondary_private_ips": [],
            "security_groups": [
              "final_task_sg"
            ],
            "source_dest_check": true,
            "spot_instance_request_id": "",
            "subnet_id": "subnet-06a24a8b5c7c3134f",
            "tags": {
              "Name": "Appserver 1"
            },
            "tags_all": {
              "Name": "Appserver 1"
            },
            "tenancy": "default",
            "timeouts": null,
            "user_data": null,
            "user_data_base64": null,
            "user_data_replace_on_change": false,
            "volume_tags": null,
            "vpc_security_group_ids": [
              "sg-0d8f5c01d17f86a32"
            ]
          },
          "sensitive_attributes": [],
          "identity_schema_version": 0,
          "private": "eyJlMmJmYjczMC1lY2FhLTExZTYtOGY4OC0zNDM2M2JjN2M0YzAiOnsiY3JlYXRlIjo2MDAwMDAwMDAwMDAsImRlbGV0ZSI6MTIwMDAwMDAwMDAwMCwicmVhZCI6OTAwMDAwMDAwMDAwLCJ1cGRhdGUiOjYwMDAwMDAwMDAwMH0sInNjaGVtYV92ZXJzaW9uIjoiMSJ9",
          "dependencies": [
            "aws_key_pair.final_task_key",
            "aws_security_group.final_task_sg",
            "data.aws_ami.ubuntu"
          ]
        }
      ]
    },
    {
      "mode": "managed",
      "type": "aws_instance",
      "name": "appserver_2",
      "provider": "provider[\"registry.terraform.io/hashicorp/aws\"]",
      "instances": [
        {
          "schema_version": 1,
          "attributes": {
            "ami": "ami-009ce70b0b4d8bc9c",
            "arn": "arn:aws:ec2:ap-southeast-3:423537160390:instance/i-04f15c4dd92f6814e",
            "associate_public_ip_address": true,
            "availability_zone": "ap-southeast-3a",
            "capacity_reservation_specification": [
              {
                "capacity_reservation_preference": "open",
                "capacity_reservation_target": []
              }
            ],
            "cpu_core_count": 1,
            "cpu_options": [
              {
                "amd_sev_snp": "",
                "core_count": 1,
                "threads_per_core": 2
              }
            ],
            "cpu_threads_per_core": 2,
            "credit_specification": [],
            "disable_api_stop": false,
            "disable_api_termination": false,
            "ebs_block_device": [],
            "ebs_optimized": false,
            "enable_primary_ipv6": null,
            "enclave_options": [
              {
                "enabled": false
              }
            ],
            "ephemeral_block_device": [],
            "get_password_data": false,
            "hibernation": false,
            "host_id": "",
            "host_resource_group_arn": null,
            "iam_instance_profile": "",
            "id": "i-04f15c4dd92f6814e",
            "instance_initiated_shutdown_behavior": "stop",
            "instance_lifecycle": "",
            "instance_market_options": [],
            "instance_state": "running",
            "instance_type": "c7i-flex.large",
            "ipv6_address_count": 0,
            "ipv6_addresses": [],
            "key_name": "final_task_key",
            "launch_template": [],
            "maintenance_options": [
              {
                "auto_recovery": "default"
              }
            ],
            "metadata_options": [
              {
                "http_endpoint": "enabled",
                "http_protocol_ipv6": "disabled",
                "http_put_response_hop_limit": 1,
                "http_tokens": "optional",
                "instance_metadata_tags": "disabled"
              }
            ],
            "monitoring": false,
            "network_interface": [],
            "outpost_arn": "",
            "password_data": "",
            "placement_group": "",
            "placement_partition_number": 0,
            "primary_network_interface_id": "eni-04c83e4963d8a3e31",
            "private_dns": "ip-172-31-8-132.ap-southeast-3.compute.internal",
            "private_dns_name_options": [
              {
                "enable_resource_name_dns_a_record": false,
                "enable_resource_name_dns_aaaa_record": false,
                "hostname_type": "ip-name"
              }
            ],
            "private_ip": "172.31.8.132",
            "public_dns": "ec2-108-137-104-154.ap-southeast-3.compute.amazonaws.com",
            "public_ip": "108.137.104.154",
            "root_block_device": [
              {
                "delete_on_termination": true,
                "device_name": "/dev/sda1",
                "encrypted": false,
                "iops": 3000,
                "kms_key_id": "",
                "tags": {},
                "tags_all": {},
                "throughput": 125,
                "volume_id": "vol-0b2cf8a96e2bc66d9",
                "volume_size": 20,
                "volume_type": "gp3"
              }
            ],
            "secondary_private_ips": [],
            "security_groups": [
              "final_task_sg"
            ],
            "source_dest_check": true,
            "spot_instance_request_id": "",
            "subnet_id": "subnet-02da2bcc005f33e5e",
            "tags": {
              "Name": "Appserver 2"
            },
            "tags_all": {
              "Name": "Appserver 2"
            },
            "tenancy": "default",
            "timeouts": null,
            "user_data": null,
            "user_data_base64": null,
            "user_data_replace_on_change": false,
            "volume_tags": null,
            "vpc_security_group_ids": [
              "sg-0d8f5c01d17f86a32"
            ]
          },
          "sensitive_attributes": [],
          "identity_schema_version": 0,
          "private": "eyJlMmJmYjczMC1lY2FhLTExZTYtOGY4OC0zNDM2M2JjN2M0YzAiOnsiY3JlYXRlIjo2MDAwMDAwMDAwMDAsImRlbGV0ZSI6MTIwMDAwMDAwMDAwMCwicmVhZCI6OTAwMDAwMDAwMDAwLCJ1cGRhdGUiOjYwMDAwMDAwMDAwMH0sInNjaGVtYV92ZXJzaW9uIjoiMSJ9",
          "dependencies": [
            "aws_key_pair.final_task_key",
            "aws_security_group.final_task_sg",
            "data.aws_ami.ubuntu"
          ]
        }
      ]
    },
    {
      "mode": "managed",
      "type": "aws_instance",
      "name": "appserver_3",
      "provider": "provider[\"registry.terraform.io/hashicorp/aws\"]",
      "instances": [
        {
          "schema_version": 1,
          "attributes": {
            "ami": "ami-009ce70b0b4d8bc9c",
            "arn": "arn:aws:ec2:ap-southeast-3:423537160390:instance/i-0eeac10cd22b8a924",
            "associate_public_ip_address": true,
            "availability_zone": "ap-southeast-3a",
            "capacity_reservation_specification": [
              {
                "capacity_reservation_preference": "open",
                "capacity_reservation_target": []
              }
            ],
            "cpu_core_count": 1,
            "cpu_options": [
              {
                "amd_sev_snp": "",
                "core_count": 1,
                "threads_per_core": 2
              }
            ],
            "cpu_threads_per_core": 2,
            "credit_specification": [],
            "disable_api_stop": false,
            "disable_api_termination": false,
            "ebs_block_device": [],
            "ebs_optimized": false,
            "enable_primary_ipv6": null,
            "enclave_options": [
              {
                "enabled": false
              }
            ],
            "ephemeral_block_device": [],
            "get_password_data": false,
            "hibernation": false,
            "host_id": "",
            "host_resource_group_arn": null,
            "iam_instance_profile": "",
            "id": "i-0eeac10cd22b8a924",
            "instance_initiated_shutdown_behavior": "stop",
            "instance_lifecycle": "",
            "instance_market_options": [],
            "instance_state": "running",
            "instance_type": "c7i-flex.large",
            "ipv6_address_count": 0,
            "ipv6_addresses": [],
            "key_name": "final_task_key",
            "launch_template": [],
            "maintenance_options": [
              {
                "auto_recovery": "default"
              }
            ],
            "metadata_options": [
              {
                "http_endpoint": "enabled",
                "http_protocol_ipv6": "disabled",
                "http_put_response_hop_limit": 1,
                "http_tokens": "optional",
                "instance_metadata_tags": "disabled"
              }
            ],
            "monitoring": false,
            "network_interface": [],
            "outpost_arn": "",
            "password_data": "",
            "placement_group": "",
            "placement_partition_number": 0,
            "primary_network_interface_id": "eni-02b5dbaef41df0771",
            "private_dns": "ip-172-31-3-136.ap-southeast-3.compute.internal",
            "private_dns_name_options": [
              {
                "enable_resource_name_dns_a_record": false,
                "enable_resource_name_dns_aaaa_record": false,
                "hostname_type": "ip-name"
              }
            ],
            "private_ip": "172.31.3.136",
            "public_dns": "ec2-15-232-78-179.ap-southeast-3.compute.amazonaws.com",
            "public_ip": "15.232.78.179",
            "root_block_device": [
              {
                "delete_on_termination": true,
                "device_name": "/dev/sda1",
                "encrypted": false,
                "iops": 3000,
                "kms_key_id": "",
                "tags": {},
                "tags_all": {},
                "throughput": 125,
                "volume_id": "vol-06ccac5851c667f1d",
                "volume_size": 20,
                "volume_type": "gp3"
              }
            ],
            "secondary_private_ips": [],
            "security_groups": [
              "final_task_sg"
            ],
            "source_dest_check": true,
            "spot_instance_request_id": "",
            "subnet_id": "subnet-02da2bcc005f33e5e",
            "tags": {
              "Name": "Appserver 3"
            },
            "tags_all": {
              "Name": "Appserver 3"
            },
            "tenancy": "default",
            "timeouts": null,
            "user_data": null,
            "user_data_base64": null,
            "user_data_replace_on_change": false,
            "volume_tags": null,
            "vpc_security_group_ids": [
              "sg-0d8f5c01d17f86a32"
            ]
          },
          "sensitive_attributes": [],
          "identity_schema_version": 0,
          "private": "eyJlMmJmYjczMC1lY2FhLTExZTYtOGY4OC0zNDM2M2JjN2M0YzAiOnsiY3JlYXRlIjo2MDAwMDAwMDAwMDAsImRlbGV0ZSI6MTIwMDAwMDAwMDAwMCwicmVhZCI6OTAwMDAwMDAwMDAwLCJ1cGRhdGUiOjYwMDAwMDAwMDAwMH0sInNjaGVtYV92ZXJzaW9uIjoiMSJ9",
          "dependencies": [
            "aws_key_pair.final_task_key",
            "aws_security_group.final_task_sg",
            "data.aws_ami.ubuntu"
          ]
        }
      ]
    },
    {
      "mode": "managed",
      "type": "aws_instance",
      "name": "gateway",
      "provider": "provider[\"registry.terraform.io/hashicorp/aws\"]",
      "instances": [
        {
          "schema_version": 1,
          "attributes": {
            "ami": "ami-009ce70b0b4d8bc9c",
            "arn": "arn:aws:ec2:ap-southeast-3:423537160390:instance/i-095b6c1855c55483b",
            "associate_public_ip_address": true,
            "availability_zone": "ap-southeast-3c",
            "capacity_reservation_specification": [
              {
                "capacity_reservation_preference": "open",
                "capacity_reservation_target": []
              }
            ],
            "cpu_core_count": 1,
            "cpu_options": [
              {
                "amd_sev_snp": "",
                "core_count": 1,
                "threads_per_core": 2
              }
            ],
            "cpu_threads_per_core": 2,
            "credit_specification": [
              {
                "cpu_credits": "unlimited"
              }
            ],
            "disable_api_stop": false,
            "disable_api_termination": false,
            "ebs_block_device": [],
            "ebs_optimized": false,
            "enable_primary_ipv6": null,
            "enclave_options": [
              {
                "enabled": false
              }
            ],
            "ephemeral_block_device": [],
            "get_password_data": false,
            "hibernation": false,
            "host_id": "",
            "host_resource_group_arn": null,
            "iam_instance_profile": "",
            "id": "i-095b6c1855c55483b",
            "instance_initiated_shutdown_behavior": "stop",
            "instance_lifecycle": "",
            "instance_market_options": [],
            "instance_state": "running",
            "instance_type": "t3.micro",
            "ipv6_address_count": 0,
            "ipv6_addresses": [],
            "key_name": "final_task_key",
            "launch_template": [],
            "maintenance_options": [
              {
                "auto_recovery": "default"
              }
            ],
            "metadata_options": [
              {
                "http_endpoint": "enabled",
                "http_protocol_ipv6": "disabled",
                "http_put_response_hop_limit": 1,
                "http_tokens": "optional",
                "instance_metadata_tags": "disabled"
              }
            ],
            "monitoring": false,
            "network_interface": [],
            "outpost_arn": "",
            "password_data": "",
            "placement_group": "",
            "placement_partition_number": 0,
            "primary_network_interface_id": "eni-025a07e69d6c3f6b0",
            "private_dns": "ip-172-31-18-139.ap-southeast-3.compute.internal",
            "private_dns_name_options": [
              {
                "enable_resource_name_dns_a_record": false,
                "enable_resource_name_dns_aaaa_record": false,
                "hostname_type": "ip-name"
              }
            ],
            "private_ip": "172.31.18.139",
            "public_dns": "ec2-16-79-152-201.ap-southeast-3.compute.amazonaws.com",
            "public_ip": "16.79.152.201",
            "root_block_device": [
              {
                "delete_on_termination": true,
                "device_name": "/dev/sda1",
                "encrypted": false,
                "iops": 3000,
                "kms_key_id": "",
                "tags": {},
                "tags_all": {},
                "throughput": 125,
                "volume_id": "vol-03d639f6104328252",
                "volume_size": 8,
                "volume_type": "gp3"
              }
            ],
            "secondary_private_ips": [],
            "security_groups": [
              "final_task_sg"
            ],
            "source_dest_check": true,
            "spot_instance_request_id": "",
            "subnet_id": "subnet-06a24a8b5c7c3134f",
            "tags": {
              "Name": "Gateway"
            },
            "tags_all": {
              "Name": "Gateway"
            },
            "tenancy": "default",
            "timeouts": null,
            "user_data": null,
            "user_data_base64": null,
            "user_data_replace_on_change": false,
            "volume_tags": null,
            "vpc_security_group_ids": [
              "sg-0d8f5c01d17f86a32"
            ]
          },
          "sensitive_attributes": [],
          "identity_schema_version": 0,
          "private": "eyJlMmJmYjczMC1lY2FhLTExZTYtOGY4OC0zNDM2M2JjN2M0YzAiOnsiY3JlYXRlIjo2MDAwMDAwMDAwMDAsImRlbGV0ZSI6MTIwMDAwMDAwMDAwMCwicmVhZCI6OTAwMDAwMDAwMDAwLCJ1cGRhdGUiOjYwMDAwMDAwMDAwMH0sInNjaGVtYV92ZXJzaW9uIjoiMSJ9",
          "dependencies": [
            "aws_key_pair.final_task_key",
            "aws_security_group.final_task_sg",
            "data.aws_ami.ubuntu"
          ]
        }
      ]
    },
    {
      "mode": "managed",
      "type": "aws_key_pair",
      "name": "final_task_key",
      "provider": "provider[\"registry.terraform.io/hashicorp/aws\"]",
      "instances": [
        {
          "schema_version": 1,
          "attributes": {
            "arn": "arn:aws:ec2:ap-southeast-3:423537160390:key-pair/final_task_key",
            "fingerprint": "39:6e:f1:36:fe:7b:f3:f1:00:dd:65:6d:76:ef:c3:d9",
            "id": "final_task_key",
            "key_name": "final_task_key",
            "key_name_prefix": "",
            "key_pair_id": "key-038e6448914e11143",
            "key_type": "rsa",
            "public_key": "ssh-rsa AAAAB3NzaC1yc2EAAAADAQABAAACAQC63JebZJfCXa0t28z48NM4ZujT7Du6ajXgWq4kSe2O/NAYepr2WElqaulQSrY6/x8YZb7N1zAm8KMUiZYhoxlLEiGCv/2fQ3eyUizbL6A1wBvbqH4oa38Q8gaxqTKZF0Yf+HJbdGoEg0V/7MqDV7iliN5hfBvtwUOZ9j7QFAKDNiIfyQOry2GSo/2gnrsk5YOmDNVhNEWT4Df0vfVz4aBP+urDyYwugCMCAdoDbsbjxdFtLGRzQdd2kd9SdlYeIbusYd1GYZ0eOMFwJmaIEPU9riWy0IZ9xTCULtigtKIOQ/kV8TSaWaH6MafrsgXHzfFc3PPN3VWf1SeBtbA0C75d2WkkAbhsY0Yzxh2fKB2oaTISG/NSd/ok84NbPyUL4hPTZVtcaFqQEwBl6LYrHwhpthcktnbMpMbLufd9CNSzU4RgWuUMk9YH05nbsaDbLS3vQP0nx3DYCne48eZ1/wvOcBpuxBVFLRQ8jSzpoPL60KY7mEfvA6pj7I+CmANkgW/2g6Eb5HsqggtOVO3Y9Q2Oa5w3Ap2jMo14/HDET5Ix+0nbKTB+JXbsA37SU+/K1Off5cR1uiDv76sEuBeKQD/O4Rm37z2+kOuXQWP+0BWvX9HeGmt9VjsfbS2sTNr5VLAtzOhhkx1V+5BjFge8t5EHfpEh1DXkATti28eWYY2LsQ== rzl@LAPTOP-VBGEQP7F",
            "tags": {},
            "tags_all": {}
          },
          "sensitive_attributes": [],
          "identity_schema_version": 0,
          "private": "eyJzY2hlbWFfdmVyc2lvbiI6IjEifQ=="
        }
      ]
    },
    {
      "mode": "managed",
      "type": "aws_security_group",
      "name": "final_task_sg",
      "provider": "provider[\"registry.terraform.io/hashicorp/aws\"]",
      "instances": [
        {
          "schema_version": 1,
          "attributes": {
            "arn": "arn:aws:ec2:ap-southeast-3:423537160390:security-group/sg-0d8f5c01d17f86a32",
            "description": "Allow inbound traffic for App and Gateway",
            "egress": [
              {
                "cidr_blocks": [
                  "0.0.0.0/0"
                ],
                "description": "",
                "from_port": 0,
                "ipv6_cidr_blocks": [],
                "prefix_list_ids": [],
                "protocol": "-1",
                "security_groups": [],
                "self": false,
                "to_port": 0
              }
            ],
            "id": "sg-0d8f5c01d17f86a32",
            "ingress": [
              {
                "cidr_blocks": [
                  "0.0.0.0/0"
                ],
                "description": "Alertmanager (Task 7)",
                "from_port": 9093,
                "ipv6_cidr_blocks": [],
                "prefix_list_ids": [],
                "protocol": "tcp",
                "security_groups": [],
                "self": false,
                "to_port": 9093
              },
              {
                "cidr_blocks": [
                  "0.0.0.0/0"
                ],
                "description": "Backend (Task 5)",
                "from_port": 5000,
                "ipv6_cidr_blocks": [],
                "prefix_list_ids": [],
                "protocol": "tcp",
                "security_groups": [],
                "self": false,
                "to_port": 5000
              },
              {
                "cidr_blocks": [
                  "0.0.0.0/0"
                ],
                "description": "Custom SSH (Task 3)",
                "from_port": 6969,
                "ipv6_cidr_blocks": [],
                "prefix_list_ids": [],
                "protocol": "tcp",
                "security_groups": [],
                "self": false,
                "to_port": 6969
              },
              {
                "cidr_blocks": [
                  "0.0.0.0/0"
                ],
                "description": "Frontend (Task 5)",
                "from_port": 3000,
                "ipv6_cidr_blocks": [],
                "prefix_list_ids": [],
                "protocol": "tcp",
                "security_groups": [],
                "self": false,
                "to_port": 3000
              },
              {
                "cidr_blocks": [
                  "0.0.0.0/0"
                ],
                "description": "HTTP",
                "from_port": 80,
                "ipv6_cidr_blocks": [],
                "prefix_list_ids": [],
                "protocol": "tcp",
                "security_groups": [],
                "self": false,
                "to_port": 80
              },
              {
                "cidr_blocks": [
                  "0.0.0.0/0"
                ],
                "description": "HTTPS",
                "from_port": 443,
                "ipv6_cidr_blocks": [],
                "prefix_list_ids": [],
                "protocol": "tcp",
                "security_groups": [],
                "self": false,
                "to_port": 443
              },
              {
                "cidr_blocks": [
                  "0.0.0.0/0"
                ],
                "description": "Prometheus (Task 7)",
                "from_port": 9090,
                "ipv6_cidr_blocks": [],
                "prefix_list_ids": [],
                "protocol": "tcp",
                "security_groups": [],
                "self": false,
                "to_port": 9090
              },
              {
                "cidr_blocks": [
                  "0.0.0.0/0"
                ],
                "description": "SSH",
                "from_port": 22,
                "ipv6_cidr_blocks": [],
                "prefix_list_ids": [],
                "protocol": "tcp",
                "security_groups": [],
                "self": false,
                "to_port": 22
              },
              {
                "cidr_blocks": [
                  "0.0.0.0/0"
                ],
                "description": "SonarQube (Task 6)",
                "from_port": 9000,
                "ipv6_cidr_blocks": [],
                "prefix_list_ids": [],
                "protocol": "tcp",
                "security_groups": [],
                "self": false,
                "to_port": 9000
              },
              {
                "cidr_blocks": [
                  "0.0.0.0/0"
                ],
                "description": "cAdvisor (Task 7)",
                "from_port": 8080,
                "ipv6_cidr_blocks": [],
                "prefix_list_ids": [],
                "protocol": "tcp",
                "security_groups": [],
                "self": false,
                "to_port": 8080
              },
              {
                "cidr_blocks": [],
                "description": "Internal Traffic",
                "from_port": 0,
                "ipv6_cidr_blocks": [],
                "prefix_list_ids": [],
                "protocol": "-1",
                "security_groups": [],
                "self": true,
                "to_port": 0
              }
            ],
            "name": "final_task_sg",
            "name_prefix": "",
            "owner_id": "423537160390",
            "revoke_rules_on_delete": false,
            "tags": {},
            "tags_all": {},
            "timeouts": null,
            "vpc_id": "vpc-0c940c5775a489793"
          },
          "sensitive_attributes": [],
          "identity_schema_version": 0,
          "private": "eyJlMmJmYjczMC1lY2FhLTExZTYtOGY4OC0zNDM2M2JjN2M0YzAiOnsiY3JlYXRlIjo2MDAwMDAwMDAwMDAsImRlbGV0ZSI6OTAwMDAwMDAwMDAwfSwic2NoZW1hX3ZlcnNpb24iOiIxIn0="
        }
      ]
    },
    {
      "mode": "managed",
      "type": "cloudflare_record",
      "name": "gateway_records",
      "provider": "provider[\"registry.terraform.io/cloudflare/cloudflare\"]",
      "instances": [
        {
          "index_key": 0,
          "schema_version": 3,
          "attributes": {
            "allow_overwrite": false,
            "comment": "",
            "content": null,
            "created_on": "2026-05-03T05:20:29.129441Z",
            "data": [],
            "hostname": "exporter.rizaladlan.studentdumbways.my.id",
            "id": "4f8c4d4cebdecfb94557c452c31e0942",
            "metadata": {},
            "modified_on": "2026-05-04T13:01:01.80956Z",
            "name": "exporter.rizaladlan",
            "priority": null,
            "proxiable": true,
            "proxied": false,
            "tags": [],
            "timeouts": null,
            "ttl": 1,
            "type": "A",
            "value": "16.79.152.201",
            "zone_id": "c103490005dbbb9d224d88215fad2017"
          },
          "sensitive_attributes": [],
          "identity_schema_version": 0,
          "private": "eyJlMmJmYjczMC1lY2FhLTExZTYtOGY4OC0zNDM2M2JjN2M0YzAiOnsiY3JlYXRlIjozMDAwMDAwMDAwMCwidXBkYXRlIjozMDAwMDAwMDAwMH0sInNjaGVtYV92ZXJzaW9uIjoiMyJ9",
          "dependencies": [
            "aws_instance.gateway",
            "aws_key_pair.final_task_key",
            "aws_security_group.final_task_sg",
            "data.aws_ami.ubuntu"
          ]
        },
        {
          "index_key": 1,
          "schema_version": 3,
          "attributes": {
            "allow_overwrite": false,
            "comment": "",
            "content": null,
            "created_on": "2026-05-03T05:20:28.342554Z",
            "data": [],
            "hostname": "prom.rizaladlan.studentdumbways.my.id",
            "id": "b00ef58af8d5c3e07a196b5786f37ed1",
            "metadata": {},
            "modified_on": "2026-05-04T13:01:01.087624Z",
            "name": "prom.rizaladlan",
            "priority": null,
            "proxiable": true,
            "proxied": false,
            "tags": [],
            "timeouts": null,
            "ttl": 1,
            "type": "A",
            "value": "16.79.152.201",
            "zone_id": "c103490005dbbb9d224d88215fad2017"
          },
          "sensitive_attributes": [],
          "identity_schema_version": 0,
          "private": "eyJlMmJmYjczMC1lY2FhLTExZTYtOGY4OC0zNDM2M2JjN2M0YzAiOnsiY3JlYXRlIjozMDAwMDAwMDAwMCwidXBkYXRlIjozMDAwMDAwMDAwMH0sInNjaGVtYV92ZXJzaW9uIjoiMyJ9",
          "dependencies": [
            "aws_instance.gateway",
            "aws_key_pair.final_task_key",
            "aws_security_group.final_task_sg",
            "data.aws_ami.ubuntu"
          ]
        },
        {
          "index_key": 2,
          "schema_version": 3,
          "attributes": {
            "allow_overwrite": false,
            "comment": "",
            "content": null,
            "created_on": "2026-05-03T05:20:29.488582Z",
            "data": [],
            "hostname": "monitoring.rizaladlan.studentdumbways.my.id",
            "id": "b5ac7fc811c9ac2e48f20f5f93dbc5ed",
            "metadata": {},
            "modified_on": "2026-05-04T13:01:02.742924Z",
            "name": "monitoring.rizaladlan",
            "priority": null,
            "proxiable": true,
            "proxied": false,
            "tags": [],
            "timeouts": null,
            "ttl": 1,
            "type": "A",
            "value": "16.79.152.201",
            "zone_id": "c103490005dbbb9d224d88215fad2017"
          },
          "sensitive_attributes": [],
          "identity_schema_version": 0,
          "private": "eyJlMmJmYjczMC1lY2FhLTExZTYtOGY4OC0zNDM2M2JjN2M0YzAiOnsiY3JlYXRlIjozMDAwMDAwMDAwMCwidXBkYXRlIjozMDAwMDAwMDAwMH0sInNjaGVtYV92ZXJzaW9uIjoiMyJ9",
          "dependencies": [
            "aws_instance.gateway",
            "aws_key_pair.final_task_key",
            "aws_security_group.final_task_sg",
            "data.aws_ami.ubuntu"
          ]
        },
        {
          "index_key": 3,
          "schema_version": 3,
          "attributes": {
            "allow_overwrite": false,
            "comment": "",
            "content": null,
            "created_on": "2026-05-03T05:20:28.137556Z",
            "data": [],
            "hostname": "registry.rizaladlan.studentdumbways.my.id",
            "id": "8f9b7d1adfdacd5b96b5a281f588e5fb",
            "metadata": {},
            "modified_on": "2026-05-04T13:01:03.386199Z",
            "name": "registry.rizaladlan",
            "priority": null,
            "proxiable": true,
            "proxied": false,
            "tags": [],
            "timeouts": null,
            "ttl": 1,
            "type": "A",
            "value": "16.79.152.201",
            "zone_id": "c103490005dbbb9d224d88215fad2017"
          },
          "sensitive_attributes": [],
          "identity_schema_version": 0,
          "private": "eyJlMmJmYjczMC1lY2FhLTExZTYtOGY4OC0zNDM2M2JjN2M0YzAiOnsiY3JlYXRlIjozMDAwMDAwMDAwMCwidXBkYXRlIjozMDAwMDAwMDAwMH0sInNjaGVtYV92ZXJzaW9uIjoiMyJ9",
          "dependencies": [
            "aws_instance.gateway",
            "aws_key_pair.final_task_key",
            "aws_security_group.final_task_sg",
            "data.aws_ami.ubuntu"
          ]
        },
        {
          "index_key": 4,
          "schema_version": 3,
          "attributes": {
            "allow_overwrite": false,
            "comment": "",
            "content": null,
            "created_on": "2026-05-03T05:20:28.616056Z",
            "data": [],
            "hostname": "staging.rizaladlan.studentdumbways.my.id",
            "id": "8811171948ebc19ca68fe7553c12bf09",
            "metadata": {},
            "modified_on": "2026-05-04T13:01:02.169435Z",
            "name": "staging.rizaladlan",
            "priority": null,
            "proxiable": true,
            "proxied": false,
            "tags": [],
            "timeouts": null,
            "ttl": 1,
            "type": "A",
            "value": "16.79.152.201",
            "zone_id": "c103490005dbbb9d224d88215fad2017"
          },
          "sensitive_attributes": [],
          "identity_schema_version": 0,
          "private": "eyJlMmJmYjczMC1lY2FhLTExZTYtOGY4OC0zNDM2M2JjN2M0YzAiOnsiY3JlYXRlIjozMDAwMDAwMDAwMCwidXBkYXRlIjozMDAwMDAwMDAwMH0sInNjaGVtYV92ZXJzaW9uIjoiMyJ9",
          "dependencies": [
            "aws_instance.gateway",
            "aws_key_pair.final_task_key",
            "aws_security_group.final_task_sg",
            "data.aws_ami.ubuntu"
          ]
        },
        {
          "index_key": 5,
          "schema_version": 3,
          "attributes": {
            "allow_overwrite": false,
            "comment": "",
            "content": null,
            "created_on": "2026-05-03T05:20:28.084987Z",
            "data": [],
            "hostname": "api.staging.rizaladlan.studentdumbways.my.id",
            "id": "5ded73af3420e446f9fd1fa5375239f5",
            "metadata": {},
            "modified_on": "2026-05-04T13:01:01.510757Z",
            "name": "api.staging.rizaladlan",
            "priority": null,
            "proxiable": true,
            "proxied": false,
            "tags": [],
            "timeouts": null,
            "ttl": 1,
            "type": "A",
            "value": "16.79.152.201",
            "zone_id": "c103490005dbbb9d224d88215fad2017"
          },
          "sensitive_attributes": [],
          "identity_schema_version": 0,
          "private": "eyJlMmJmYjczMC1lY2FhLTExZTYtOGY4OC0zNDM2M2JjN2M0YzAiOnsiY3JlYXRlIjozMDAwMDAwMDAwMCwidXBkYXRlIjozMDAwMDAwMDAwMH0sInNjaGVtYV92ZXJzaW9uIjoiMyJ9",
          "dependencies": [
            "aws_instance.gateway",
            "aws_key_pair.final_task_key",
            "aws_security_group.final_task_sg",
            "data.aws_ami.ubuntu"
          ]
        },
        {
          "index_key": 6,
          "schema_version": 3,
          "attributes": {
            "allow_overwrite": false,
            "comment": "",
            "content": null,
            "created_on": "2026-05-03T05:20:29.642361Z",
            "data": [],
            "hostname": "rizaladlan.studentdumbways.my.id",
            "id": "58a732065d8e05bf5fbba4d7dc2acdd7",
            "metadata": {},
            "modified_on": "2026-05-04T13:01:01.077699Z",
            "name": "rizaladlan",
            "priority": null,
            "proxiable": true,
            "proxied": false,
            "tags": [],
            "timeouts": null,
            "ttl": 1,
            "type": "A",
            "value": "16.79.152.201",
            "zone_id": "c103490005dbbb9d224d88215fad2017"
          },
          "sensitive_attributes": [],
          "identity_schema_version": 0,
          "private": "eyJlMmJmYjczMC1lY2FhLTExZTYtOGY4OC0zNDM2M2JjN2M0YzAiOnsiY3JlYXRlIjozMDAwMDAwMDAwMCwidXBkYXRlIjozMDAwMDAwMDAwMH0sInNjaGVtYV92ZXJzaW9uIjoiMyJ9",
          "dependencies": [
            "aws_instance.gateway",
            "aws_key_pair.final_task_key",
            "aws_security_group.final_task_sg",
            "data.aws_ami.ubuntu"
          ]
        },
        {
          "index_key": 7,
          "schema_version": 3,
          "attributes": {
            "allow_overwrite": false,
            "comment": "",
            "content": null,
            "created_on": "2026-05-03T05:20:28.955817Z",
            "data": [],
            "hostname": "api.rizaladlan.studentdumbways.my.id",
            "id": "c48df3d52af3036b4c685001bd9df553",
            "metadata": {},
            "modified_on": "2026-05-04T13:01:01.218069Z",
            "name": "api.rizaladlan",
            "priority": null,
            "proxiable": true,
            "proxied": false,
            "tags": [],
            "timeouts": null,
            "ttl": 1,
            "type": "A",
            "value": "16.79.152.201",
            "zone_id": "c103490005dbbb9d224d88215fad2017"
          },
          "sensitive_attributes": [],
          "identity_schema_version": 0,
          "private": "eyJlMmJmYjczMC1lY2FhLTExZTYtOGY4OC0zNDM2M2JjN2M0YzAiOnsiY3JlYXRlIjozMDAwMDAwMDAwMCwidXBkYXRlIjozMDAwMDAwMDAwMH0sInNjaGVtYV92ZXJzaW9uIjoiMyJ9",
          "dependencies": [
            "aws_instance.gateway",
            "aws_key_pair.final_task_key",
            "aws_security_group.final_task_sg",
            "data.aws_ami.ubuntu"
          ]
        }
      ]
    }
  ],
  "check_results": null
}
